{
  "name": "geometry-prototyping",
  "version": "1.0.0",
  "lockfileVersion": 1,
  "requires": true,
  "dependencies": {
    "commander": {
      "version": "2.15.1",
      "resolved": "https://registry.npmjs.org/commander/-/commander-2.15.1.tgz",
      "integrity": "sha512-VlfT9F3V0v+jr4yxPc5gg9s62/fIVWsd2Bk2iD435um1NlGMYdVCq+MjcXnhYq2icNOizHr1kK+5TI6H0Hy0ag=="
    },
    "pbf": {
      "version": "3.1.0",
      "resolved": "https://registry.npmjs.org/pbf/-/pbf-3.1.0.tgz",
      "integrity": "sha1-9wAEutyygXYeq7HnbJLxefCBiek=",
      "requires": {
        "ieee754": "1.1.10",
        "resolve-protobuf-schema": "2.0.0"
      },
      "dependencies": {
        "ieee754": {
          "version": "1.1.10",
          "resolved": "https://registry.npmjs.org/ieee754/-/ieee754-1.1.10.tgz",
          "integrity": "sha1-cZpvewJoMeZL24OLDeG7ACm79xY="
        },
        "resolve-protobuf-schema": {
          "version": "2.0.0",
          "resolved": "https://registry.npmjs.org/resolve-protobuf-schema/-/resolve-protobuf-schema-2.0.0.tgz",
          "integrity": "sha1-5nsGKmfwLRG9aIbnDv2niEB+D7Q=",
          "requires": {
            "protocol-buffers-schema": "2.2.0"
          },
          "dependencies": {
            "protocol-buffers-schema": {
              "version": "2.2.0",
              "resolved": "https://registry.npmjs.org/protocol-buffers-schema/-/protocol-buffers-schema-2.2.0.tgz",
              "integrity": "sha1-0pxs1z+2VZePtpiWkRgNuEQRn2E="
            }
          }
        }
      }
    },
    "rocksdb": {
      "version": "2.0.0",
      "resolved": "https://registry.npmjs.org/rocksdb/-/rocksdb-2.0.0.tgz",
      "integrity": "sha1-fEmS51NPgAZlw0keWklsfyfJ6Tg=",
      "requires": {
        "abstract-leveldown": "4.0.3",
        "bindings": "1.3.0",
        "fast-future": "1.0.2",
        "nan": "2.8.0",
        "prebuild-install": "2.5.1"
      },
      "dependencies": {
        "abstract-leveldown": {
          "version": "4.0.3",
          "resolved": "https://registry.npmjs.org/abstract-leveldown/-/abstract-leveldown-4.0.3.tgz",
          "integrity": "sha1-y2NvSWX74Rf1yLdqfVHdQqrtBYA=",
          "requires": {
            "xtend": "4.0.1"
          },
          "dependencies": {
            "xtend": {
              "version": "4.0.1",
              "resolved": "https://registry.npmjs.org/xtend/-/xtend-4.0.1.tgz",
              "integrity": "sha1-pcbVMr5lbiPbgg77lDofBJmNY68="
            }
          }
        },
        "bindings": {
          "version": "1.3.0",
          "resolved": "https://registry.npmjs.org/bindings/-/bindings-1.3.0.tgz",
          "integrity": "sha1-s0b27PapX1qBXFg5/HzbIlAvHtc="
        },
        "fast-future": {
          "version": "1.0.2",
          "resolved": "https://registry.npmjs.org/fast-future/-/fast-future-1.0.2.tgz",
          "integrity": "sha1-hDWpqqAteSSNF9cE52JZMB2ZKAo="
        },
        "nan": {
          "version": "2.8.0",
          "resolved": "https://registry.npmjs.org/nan/-/nan-2.8.0.tgz",
          "integrity": "sha1-7XFfP+neArV6XmJS2QqWZ14fCFo="
        },
        "prebuild-install": {
          "version": "2.5.1",
          "resolved": "https://registry.npmjs.org/prebuild-install/-/prebuild-install-2.5.1.tgz",
          "integrity": "sha1-DyNBQKc3YIE2V8QTzczdpYKWsdo=",
          "requires": {
            "detect-libc": "1.0.3",
            "expand-template": "1.1.0",
            "github-from-package": "0.0.0",
            "minimist": "1.2.0",
            "mkdirp": "0.5.1",
            "node-abi": "2.3.0",
            "noop-logger": "0.1.1",
            "npmlog": "4.1.2",
            "os-homedir": "1.0.2",
            "pump": "2.0.1",
            "rc": "1.2.6",
            "simple-get": "2.7.0",
            "tar-fs": "1.16.0",
            "tunnel-agent": "0.6.0",
            "which-pm-runs": "1.0.0"
          },
          "dependencies": {
            "detect-libc": {
              "version": "1.0.3",
              "resolved": "https://registry.npmjs.org/detect-libc/-/detect-libc-1.0.3.tgz",
              "integrity": "sha1-+hN8S9aY7fVc1c0CrFWfkaTEups="
            },
            "expand-template": {
              "version": "1.1.0",
              "resolved": "https://registry.npmjs.org/expand-template/-/expand-template-1.1.0.tgz",
              "integrity": "sha1-4J77qXe/mPnuDtJavQxpLgKuw/w="
            },
            "github-from-package": {
              "version": "0.0.0",
              "resolved": "https://registry.npmjs.org/github-from-package/-/github-from-package-0.0.0.tgz",
              "integrity": "sha1-l/tdlr/eiXMxPyDoKI75oWf6ZM4="
            },
            "minimist": {
              "version": "1.2.0",
              "resolved": "https://registry.npmjs.org/minimist/-/minimist-1.2.0.tgz",
              "integrity": "sha1-o1AIsg9BOD7sH7kU9M1d95omQoQ="
            },
            "mkdirp": {
              "version": "0.5.1",
              "resolved": "https://registry.npmjs.org/mkdirp/-/mkdirp-0.5.1.tgz",
              "integrity": "sha1-MAV0OOrGz3+MR2fzhkjWaX11yQM=",
              "requires": {
                "minimist": "0.0.8"
              },
              "dependencies": {
                "minimist": {
                  "version": "0.0.8",
                  "resolved": "https://registry.npmjs.org/minimist/-/minimist-0.0.8.tgz",
                  "integrity": "sha1-hX/Kv8M5fSYluCKCYuhqp6ARsF0="
                }
              }
            },
            "node-abi": {
              "version": "2.3.0",
              "resolved": "https://registry.npmjs.org/node-abi/-/node-abi-2.3.0.tgz",
              "integrity": "sha1-89VU1qxyqe4W8PTclUjbfAjeSYY=",
              "requires": {
                "semver": "5.5.0"
              },
              "dependencies": {
                "semver": {
                  "version": "5.5.0",
                  "resolved": "https://registry.npmjs.org/semver/-/semver-5.5.0.tgz",
                  "integrity": "sha1-3Eu8emyp2Rbe5dQ1FvAJK1j3uKs="
                }
              }
            },
            "noop-logger": {
              "version": "0.1.1",
              "resolved": "https://registry.npmjs.org/noop-logger/-/noop-logger-0.1.1.tgz",
              "integrity": "sha1-lKKxYzxPExdVMAfYlm/Q6EG2pMI="
            },
            "npmlog": {
              "version": "4.1.2",
              "resolved": "https://registry.npmjs.org/npmlog/-/npmlog-4.1.2.tgz",
              "integrity": "sha1-CKfyqL9zRgR3mp76StXMcXq7lUs=",
              "requires": {
                "are-we-there-yet": "1.1.4",
                "console-control-strings": "1.1.0",
                "gauge": "2.7.4",
                "set-blocking": "2.0.0"
              },
              "dependencies": {
                "are-we-there-yet": {
                  "version": "1.1.4",
                  "resolved": "https://registry.npmjs.org/are-we-there-yet/-/are-we-there-yet-1.1.4.tgz",
                  "integrity": "sha1-u13KOCu5TwXhUZQ3PRb9O6HKEQ0=",
                  "requires": {
                    "delegates": "1.0.0",
                    "readable-stream": "2.3.5"
                  },
                  "dependencies": {
                    "delegates": {
                      "version": "1.0.0",
                      "resolved": "https://registry.npmjs.org/delegates/-/delegates-1.0.0.tgz",
                      "integrity": "sha1-hMbhWbgZBP3KWaDvRM2HDTElD5o="
                    },
                    "readable-stream": {
                      "version": "2.3.5",
                      "resolved": "https://registry.npmjs.org/readable-stream/-/readable-stream-2.3.5.tgz",
                      "integrity": "sha1-tPhQA6k4y7bsvOKhJPsQEr0ag40=",
                      "requires": {
                        "core-util-is": "1.0.2",
                        "inherits": "2.0.3",
                        "isarray": "1.0.0",
                        "process-nextick-args": "2.0.0",
                        "safe-buffer": "5.1.1",
                        "string_decoder": "1.0.3",
                        "util-deprecate": "1.0.2"
                      },
                      "dependencies": {
                        "core-util-is": {
                          "version": "1.0.2",
                          "resolved": "https://registry.npmjs.org/core-util-is/-/core-util-is-1.0.2.tgz",
                          "integrity": "sha1-tf1UIgqivFq1eqtxQMlAdUUDwac="
                        },
                        "inherits": {
                          "version": "2.0.3",
                          "resolved": "https://registry.npmjs.org/inherits/-/inherits-2.0.3.tgz",
                          "integrity": "sha1-Yzwsg+PaQqUC9SRmAiSA9CCCYd4="
                        },
                        "isarray": {
                          "version": "1.0.0",
                          "resolved": "https://registry.npmjs.org/isarray/-/isarray-1.0.0.tgz",
                          "integrity": "sha1-u5NdSFgsuhaMBoNJV6VKPgcSTxE="
                        },
                        "process-nextick-args": {
                          "version": "2.0.0",
                          "resolved": "https://registry.npmjs.org/process-nextick-args/-/process-nextick-args-2.0.0.tgz",
                          "integrity": "sha1-o31zL0JxtKsa0HDTVQjoKQeI/6o="
                        },
                        "safe-buffer": {
                          "version": "5.1.1",
                          "resolved": "https://registry.npmjs.org/safe-buffer/-/safe-buffer-5.1.1.tgz",
                          "integrity": "sha1-iTMSr2myEj3vcfV4iQAWce6yyFM="
                        },
                        "string_decoder": {
                          "version": "1.0.3",
                          "resolved": "https://registry.npmjs.org/string_decoder/-/string_decoder-1.0.3.tgz",
                          "integrity": "sha1-D8Z9fBQYJd6UKC3VNr7GubzoYKs=",
                          "requires": {
                            "safe-buffer": "5.1.1"
                          }
                        },
                        "util-deprecate": {
                          "version": "1.0.2",
                          "resolved": "https://registry.npmjs.org/util-deprecate/-/util-deprecate-1.0.2.tgz",
                          "integrity": "sha1-RQ1Nyfpw3nMnYvvS1KKJgUGaDM8="
                        }
                      }
                    }
                  }
                },
                "console-control-strings": {
                  "version": "1.1.0",
                  "resolved": "https://registry.npmjs.org/console-control-strings/-/console-control-strings-1.1.0.tgz",
                  "integrity": "sha1-PXz0Rk22RG6mRL9LOVB/mFEAjo4="
                },
                "gauge": {
                  "version": "2.7.4",
                  "resolved": "https://registry.npmjs.org/gauge/-/gauge-2.7.4.tgz",
                  "integrity": "sha1-LANAXHU4w51+s3sxcCLjJfsBi/c=",
                  "requires": {
                    "aproba": "1.2.0",
                    "console-control-strings": "1.1.0",
                    "has-unicode": "2.0.1",
                    "object-assign": "4.1.1",
                    "signal-exit": "3.0.2",
                    "string-width": "1.0.2",
                    "strip-ansi": "3.0.1",
                    "wide-align": "1.1.2"
                  },
                  "dependencies": {
                    "aproba": {
                      "version": "1.2.0",
                      "resolved": "https://registry.npmjs.org/aproba/-/aproba-1.2.0.tgz",
                      "integrity": "sha1-aALmJk79GMeQobDVF/DyYnvyyUo="
                    },
                    "has-unicode": {
                      "version": "2.0.1",
                      "resolved": "https://registry.npmjs.org/has-unicode/-/has-unicode-2.0.1.tgz",
                      "integrity": "sha1-4Ob+aijPUROIVeCG0Wkedx3iqLk="
                    },
                    "object-assign": {
                      "version": "4.1.1",
                      "resolved": "https://registry.npmjs.org/object-assign/-/object-assign-4.1.1.tgz",
                      "integrity": "sha1-IQmtx5ZYh8/AXLvUQsrIv7s2CGM="
                    },
                    "signal-exit": {
                      "version": "3.0.2",
                      "resolved": "https://registry.npmjs.org/signal-exit/-/signal-exit-3.0.2.tgz",
                      "integrity": "sha1-tf3AjxKH6hF4Yo5BXiUTK3NkbG0="
                    },
                    "string-width": {
                      "version": "1.0.2",
                      "resolved": "https://registry.npmjs.org/string-width/-/string-width-1.0.2.tgz",
                      "integrity": "sha1-EYvfW4zcUaKn5w0hHgfisLmxB9M=",
                      "requires": {
                        "code-point-at": "1.1.0",
                        "is-fullwidth-code-point": "1.0.0",
                        "strip-ansi": "3.0.1"
                      },
                      "dependencies": {
                        "code-point-at": {
                          "version": "1.1.0",
                          "resolved": "https://registry.npmjs.org/code-point-at/-/code-point-at-1.1.0.tgz",
                          "integrity": "sha1-DQcLTQQ6W+ozovGkDi7bPZpMz3c="
                        },
                        "is-fullwidth-code-point": {
                          "version": "1.0.0",
                          "resolved": "https://registry.npmjs.org/is-fullwidth-code-point/-/is-fullwidth-code-point-1.0.0.tgz",
                          "integrity": "sha1-754xOG8DGn8NZDr4L95QxFfvAMs=",
                          "requires": {
                            "number-is-nan": "1.0.1"
                          },
                          "dependencies": {
                            "number-is-nan": {
                              "version": "1.0.1",
                              "resolved": "https://registry.npmjs.org/number-is-nan/-/number-is-nan-1.0.1.tgz",
                              "integrity": "sha1-CXtgK1NCKlIsGvuHkDGDNpQaAR0="
                            }
                          }
                        }
                      }
                    },
                    "strip-ansi": {
                      "version": "3.0.1",
                      "resolved": "https://registry.npmjs.org/strip-ansi/-/strip-ansi-3.0.1.tgz",
                      "integrity": "sha1-ajhfuIU9lS1f8F0Oiq+UJ43GPc8=",
                      "requires": {
                        "ansi-regex": "2.1.1"
                      },
                      "dependencies": {
                        "ansi-regex": {
                          "version": "2.1.1",
                          "resolved": "https://registry.npmjs.org/ansi-regex/-/ansi-regex-2.1.1.tgz",
                          "integrity": "sha1-w7M6te42DYbg5ijwRorn7yfWVN8="
                        }
                      }
                    },
                    "wide-align": {
                      "version": "1.1.2",
                      "resolved": "https://registry.npmjs.org/wide-align/-/wide-align-1.1.2.tgz",
                      "integrity": "sha1-Vx4PGwYEY268DfwhsDObvjE0FxA=",
                      "requires": {
                        "string-width": "1.0.2"
                      }
                    }
                  }
                },
                "set-blocking": {
                  "version": "2.0.0",
                  "resolved": "https://registry.npmjs.org/set-blocking/-/set-blocking-2.0.0.tgz",
                  "integrity": "sha1-BF+XgtARrppoA93TgrJDkrPYkPc="
                }
              }
            },
            "os-homedir": {
              "version": "1.0.2",
              "resolved": "https://registry.npmjs.org/os-homedir/-/os-homedir-1.0.2.tgz",
              "integrity": "sha1-/7xJiDNuDoM94MFox+8VISGqf7M="
            },
            "pump": {
              "version": "2.0.1",
              "resolved": "https://registry.npmjs.org/pump/-/pump-2.0.1.tgz",
              "integrity": "sha1-Ejma3W5M91Jtlzy8i1zi4pCLOQk=",
              "requires": {
                "end-of-stream": "1.4.1",
                "once": "1.4.0"
              },
              "dependencies": {
                "end-of-stream": {
                  "version": "1.4.1",
                  "resolved": "https://registry.npmjs.org/end-of-stream/-/end-of-stream-1.4.1.tgz",
                  "integrity": "sha1-7SljTRm6ukY7bOa4CjchPqtx7EM=",
                  "requires": {
                    "once": "1.4.0"
                  }
                },
                "once": {
                  "version": "1.4.0",
                  "resolved": "https://registry.npmjs.org/once/-/once-1.4.0.tgz",
                  "integrity": "sha1-WDsap3WWHUsROsF9nFC6753Xa9E=",
                  "requires": {
                    "wrappy": "1.0.2"
                  },
                  "dependencies": {
                    "wrappy": {
                      "version": "1.0.2",
                      "resolved": "https://registry.npmjs.org/wrappy/-/wrappy-1.0.2.tgz",
                      "integrity": "sha1-tSQ9jz7BqjXxNkYFvA0QNuMKtp8="
                    }
                  }
                }
              }
            },
            "rc": {
              "version": "1.2.6",
              "resolved": "https://registry.npmjs.org/rc/-/rc-1.2.6.tgz",
              "integrity": "sha1-6xiYnG1PTxYsOZ953dKfODVWgJI=",
              "requires": {
                "deep-extend": "0.4.2",
                "ini": "1.3.5",
                "minimist": "1.2.0",
                "strip-json-comments": "2.0.1"
              },
              "dependencies": {
                "deep-extend": {
                  "version": "0.4.2",
                  "resolved": "https://registry.npmjs.org/deep-extend/-/deep-extend-0.4.2.tgz",
                  "integrity": "sha1-SLaZwn4zS/ifEIkr5DL25MfTSn8="
                },
                "ini": {
                  "version": "1.3.5",
                  "resolved": "https://registry.npmjs.org/ini/-/ini-1.3.5.tgz",
                  "integrity": "sha1-7uJfVtscnsYIXgwid4CD9Zar+Sc="
                },
                "strip-json-comments": {
                  "version": "2.0.1",
                  "resolved": "https://registry.npmjs.org/strip-json-comments/-/strip-json-comments-2.0.1.tgz",
                  "integrity": "sha1-PFMZQukIwml8DsNEhYwobHygpgo="
                }
              }
            },
            "simple-get": {
              "version": "2.7.0",
              "resolved": "https://registry.npmjs.org/simple-get/-/simple-get-2.7.0.tgz",
              "integrity": "sha1-rTf5JtCBKSN/8IxPLt/W8Q4DgLU=",
              "requires": {
                "decompress-response": "3.3.0",
                "once": "1.4.0",
                "simple-concat": "1.0.0"
              },
              "dependencies": {
                "decompress-response": {
                  "version": "3.3.0",
                  "resolved": "https://registry.npmjs.org/decompress-response/-/decompress-response-3.3.0.tgz",
                  "integrity": "sha1-gKTdMjdIOEv6JICDYirt7Jgq3/M=",
                  "requires": {
                    "mimic-response": "1.0.0"
                  },
                  "dependencies": {
                    "mimic-response": {
                      "version": "1.0.0",
                      "resolved": "https://registry.npmjs.org/mimic-response/-/mimic-response-1.0.0.tgz",
                      "integrity": "sha1-3z02Uqc/3ta5sLJBRub9BSNTRY4="
                    }
                  }
                },
                "once": {
                  "version": "1.4.0",
                  "resolved": "https://registry.npmjs.org/once/-/once-1.4.0.tgz",
                  "integrity": "sha1-WDsap3WWHUsROsF9nFC6753Xa9E=",
                  "requires": {
                    "wrappy": "1.0.2"
                  },
                  "dependencies": {
                    "wrappy": {
                      "version": "1.0.2",
                      "resolved": "https://registry.npmjs.org/wrappy/-/wrappy-1.0.2.tgz",
                      "integrity": "sha1-tSQ9jz7BqjXxNkYFvA0QNuMKtp8="
                    }
                  }
                },
                "simple-concat": {
                  "version": "1.0.0",
                  "resolved": "https://registry.npmjs.org/simple-concat/-/simple-concat-1.0.0.tgz",
                  "integrity": "sha1-c0TLuLbib7J9ZrL8hvn21Zl1IcY="
                }
              }
            },
            "tar-fs": {
              "version": "1.16.0",
              "resolved": "https://registry.npmjs.org/tar-fs/-/tar-fs-1.16.0.tgz",
              "integrity": "sha1-6HeiWsvMUdjHkNocV8nPQ5gXuJY=",
              "requires": {
                "chownr": "1.0.1",
                "mkdirp": "0.5.1",
                "pump": "1.0.3",
                "tar-stream": "1.5.5"
              },
              "dependencies": {
                "chownr": {
                  "version": "1.0.1",
                  "resolved": "https://registry.npmjs.org/chownr/-/chownr-1.0.1.tgz",
                  "integrity": "sha1-4qdQQqlVGQi+vSW4Uj1fl2nXkYE="
                },
                "pump": {
                  "version": "1.0.3",
                  "resolved": "https://registry.npmjs.org/pump/-/pump-1.0.3.tgz",
                  "integrity": "sha1-Xf6DEcM7v2/BgmH580cCxHwIqVQ=",
                  "requires": {
                    "end-of-stream": "1.4.1",
                    "once": "1.4.0"
                  },
                  "dependencies": {
                    "end-of-stream": {
                      "version": "1.4.1",
                      "resolved": "https://registry.npmjs.org/end-of-stream/-/end-of-stream-1.4.1.tgz",
                      "integrity": "sha1-7SljTRm6ukY7bOa4CjchPqtx7EM=",
                      "requires": {
                        "once": "1.4.0"
                      }
                    },
                    "once": {
                      "version": "1.4.0",
                      "resolved": "https://registry.npmjs.org/once/-/once-1.4.0.tgz",
                      "integrity": "sha1-WDsap3WWHUsROsF9nFC6753Xa9E=",
                      "requires": {
                        "wrappy": "1.0.2"
                      },
                      "dependencies": {
                        "wrappy": {
                          "version": "1.0.2",
                          "resolved": "https://registry.npmjs.org/wrappy/-/wrappy-1.0.2.tgz",
                          "integrity": "sha1-tSQ9jz7BqjXxNkYFvA0QNuMKtp8="
                        }
                      }
                    }
                  }
                },
                "tar-stream": {
                  "version": "1.5.5",
                  "resolved": "https://registry.npmjs.org/tar-stream/-/tar-stream-1.5.5.tgz",
                  "integrity": "sha1-XK2Ed59FyDsfJQjZawnYjHIYr1U=",
                  "requires": {
                    "bl": "1.2.1",
                    "end-of-stream": "1.4.1",
                    "readable-stream": "2.3.5",
                    "xtend": "4.0.1"
                  },
                  "dependencies": {
                    "bl": {
                      "version": "1.2.1",
                      "resolved": "https://registry.npmjs.org/bl/-/bl-1.2.1.tgz",
                      "integrity": "sha1-ysMo977kVzDUBLaSID/LWQ4XLV4=",
                      "requires": {
                        "readable-stream": "2.3.5"
                      }
                    },
                    "end-of-stream": {
                      "version": "1.4.1",
                      "resolved": "https://registry.npmjs.org/end-of-stream/-/end-of-stream-1.4.1.tgz",
                      "integrity": "sha1-7SljTRm6ukY7bOa4CjchPqtx7EM=",
                      "requires": {
                        "once": "1.4.0"
                      },
                      "dependencies": {
                        "once": {
                          "version": "1.4.0",
                          "resolved": "https://registry.npmjs.org/once/-/once-1.4.0.tgz",
                          "integrity": "sha1-WDsap3WWHUsROsF9nFC6753Xa9E=",
                          "requires": {
                            "wrappy": "1.0.2"
                          },
                          "dependencies": {
                            "wrappy": {
                              "version": "1.0.2",
                              "resolved": "https://registry.npmjs.org/wrappy/-/wrappy-1.0.2.tgz",
                              "integrity": "sha1-tSQ9jz7BqjXxNkYFvA0QNuMKtp8="
                            }
                          }
                        }
                      }
                    },
                    "readable-stream": {
                      "version": "2.3.5",
                      "resolved": "https://registry.npmjs.org/readable-stream/-/readable-stream-2.3.5.tgz",
                      "integrity": "sha1-tPhQA6k4y7bsvOKhJPsQEr0ag40=",
                      "requires": {
                        "core-util-is": "1.0.2",
                        "inherits": "2.0.3",
                        "isarray": "1.0.0",
                        "process-nextick-args": "2.0.0",
                        "safe-buffer": "5.1.1",
                        "string_decoder": "1.0.3",
                        "util-deprecate": "1.0.2"
                      },
                      "dependencies": {
                        "core-util-is": {
                          "version": "1.0.2",
                          "resolved": "https://registry.npmjs.org/core-util-is/-/core-util-is-1.0.2.tgz",
                          "integrity": "sha1-tf1UIgqivFq1eqtxQMlAdUUDwac="
                        },
                        "inherits": {
                          "version": "2.0.3",
                          "resolved": "https://registry.npmjs.org/inherits/-/inherits-2.0.3.tgz",
                          "integrity": "sha1-Yzwsg+PaQqUC9SRmAiSA9CCCYd4="
                        },
                        "isarray": {
                          "version": "1.0.0",
                          "resolved": "https://registry.npmjs.org/isarray/-/isarray-1.0.0.tgz",
                          "integrity": "sha1-u5NdSFgsuhaMBoNJV6VKPgcSTxE="
                        },
                        "process-nextick-args": {
                          "version": "2.0.0",
                          "resolved": "https://registry.npmjs.org/process-nextick-args/-/process-nextick-args-2.0.0.tgz",
                          "integrity": "sha1-o31zL0JxtKsa0HDTVQjoKQeI/6o="
                        },
                        "safe-buffer": {
                          "version": "5.1.1",
                          "resolved": "https://registry.npmjs.org/safe-buffer/-/safe-buffer-5.1.1.tgz",
                          "integrity": "sha1-iTMSr2myEj3vcfV4iQAWce6yyFM="
                        },
                        "string_decoder": {
                          "version": "1.0.3",
                          "resolved": "https://registry.npmjs.org/string_decoder/-/string_decoder-1.0.3.tgz",
                          "integrity": "sha1-D8Z9fBQYJd6UKC3VNr7GubzoYKs=",
                          "requires": {
                            "safe-buffer": "5.1.1"
                          }
                        },
                        "util-deprecate": {
                          "version": "1.0.2",
                          "resolved": "https://registry.npmjs.org/util-deprecate/-/util-deprecate-1.0.2.tgz",
                          "integrity": "sha1-RQ1Nyfpw3nMnYvvS1KKJgUGaDM8="
                        }
                      }
                    },
                    "xtend": {
                      "version": "4.0.1",
                      "resolved": "https://registry.npmjs.org/xtend/-/xtend-4.0.1.tgz",
                      "integrity": "sha1-pcbVMr5lbiPbgg77lDofBJmNY68="
                    }
                  }
                }
              }
            },
            "tunnel-agent": {
              "version": "0.6.0",
              "resolved": "https://registry.npmjs.org/tunnel-agent/-/tunnel-agent-0.6.0.tgz",
              "integrity": "sha1-J6XeoGs2sEoKmWZ3SykIaPD8QP0=",
              "requires": {
                "safe-buffer": "5.1.1"
              },
              "dependencies": {
                "safe-buffer": {
                  "version": "5.1.1",
                  "resolved": "https://registry.npmjs.org/safe-buffer/-/safe-buffer-5.1.1.tgz",
                  "integrity": "sha1-iTMSr2myEj3vcfV4iQAWce6yyFM="
                }
              }
            },
            "which-pm-runs": {
              "version": "1.0.0",
              "resolved": "https://registry.npmjs.org/which-pm-runs/-/which-pm-runs-1.0.0.tgz",
              "integrity": "sha1-Zws6+8VS4LVd9rd4DKdGFfI60cs="
            }
          }
        }
      }
    },
    "rocksdb-node": {
      "version": "1.7.2",
      "resolved": "https://registry.npmjs.org/rocksdb-node/-/rocksdb-node-1.7.2.tgz",
      "integrity": "sha1-VUbdHFwZAhc+QMjiJ4fsf08DTWc=",
      "requires": {
        "nan": "2.6.2"
      },
      "dependencies": {
        "nan": {
          "version": "2.6.2",
          "resolved": "https://registry.npmjs.org/nan/-/nan-2.6.2.tgz",
          "integrity": "sha1-5P805slf37WuzAjeZZb0NgWn20U="
        }
      }
    },
    "split": {
      "version": "1.0.1",
      "resolved": "https://registry.npmjs.org/split/-/split-1.0.1.tgz",
      "integrity": "sha1-YFvZvjA6pZ+zX5Ip++oN3snqB9k=",
      "requires": {
        "through": "2.3.8"
      },
      "dependencies": {
        "through": {
          "version": "2.3.8",
          "resolved": "https://registry.npmjs.org/through/-/through-2.3.8.tgz",
          "integrity": "sha1-DdTJ/6q8NXlgsbckEV1+Doai4fU="
        }
      }
    },
    "topojson": {
      "version": "3.0.2",
      "resolved": "https://registry.npmjs.org/topojson/-/topojson-3.0.2.tgz",
      "integrity": "sha512-u3zeuL6WEVL0dmsRn7uHZKc4Ao4gpW3sORUv+N3ezLTvY3JdCuyg0hvpWiIfFw8p/JwVN++SvAsFgcFEeR15rQ==",
      "requires": {
        "topojson-client": "3.0.0",
        "topojson-server": "3.0.0",
        "topojson-simplify": "3.0.2"
      },
      "dependencies": {
        "topojson-client": {
          "version": "3.0.0",
          "resolved": "https://registry.npmjs.org/topojson-client/-/topojson-client-3.0.0.tgz",
          "integrity": "sha1-H5kpOnfvQqRI0DKoGqmCtz82DS8=",
          "requires": {
            "commander": "2.15.1"
          }
        },
        "topojson-server": {
          "version": "3.0.0",
          "resolved": "https://registry.npmjs.org/topojson-server/-/topojson-server-3.0.0.tgz",
          "integrity": "sha1-N4546Hw5cqe1vixdYENptrrmnF4=",
          "requires": {
            "commander": "2.15.1"
          }
        },
        "topojson-simplify": {
          "version": "3.0.2",
          "resolved": "https://registry.npmjs.org/topojson-simplify/-/topojson-simplify-3.0.2.tgz",
          "integrity": "sha512-gyYSVRt4jO/0RJXKZQPzTDQRWV+D/nOfiljNUv0HBXslFLtq3yxRHrl7jbrjdbda5Ytdr7M8BZUI4OxU7tnbRQ==",
          "requires": {
            "commander": "2.15.1",
            "topojson-client": "3.0.0"
          }
        }
      }
    }
  }
}
